
Microsoft Visual Studio Solution File, Format Version 12.00
# Visual Studio Version 17
VisualStudioVersion = 17.14.36401.2
MinimumVisualStudioVersion = 10.0.40219.1
Project("{FAE04EC0-301F-11D3-BF4B-00C04F79EFBC}") = "01_MainSubjects", "01_MainSubjects\01_MainSubjects.csproj", "{40BE3FAC-6CAF-49E6-8642-1F5FB2538142}"
EndProject
Project("{FAE04EC0-301F-11D3-BF4B-00C04F79EFBC}") = "02_Variables", "02_Variables\02_Variables.csproj", "{1B2DB9D0-5B86-4650-91AA-94AF4BF1C4AF}"
EndProject
Project("{FAE04EC0-301F-11D3-BF4B-00C04F79EFBC}") = "05_LoopsWithStars", "05_LoopsWithStars\05_LoopsWithStars.csproj", "{5716B190-5768-4C56-888E-D5CD289E6CC2}"
EndProject
Project("{FAE04EC0-301F-11D3-BF4B-00C04F79EFBC}") = "03_MakingDecision", "03_MakingDecision\03_MakingDecision.csproj", "{660B710C-8B74-46AA-9F81-94D53E9283CA}"
EndProject
Project("{FAE04EC0-301F-11D3-BF4B-00C04F79EFBC}") = "04_Loops", "04_Loops\04_Loops.csproj", "{0D7AC472-DC81-4EC8-B858-EE1C404798D2}"
EndProject
Project("{FAE04EC0-301F-11D3-BF4B-00C04F79EFBC}") = "06_Arrays", "06_Arrays\06_Arrays.csproj", "{3AE66DFA-0A6D-4DE5-B918-2CAA14A4D7D1}"
EndProject
Project("{FAE04EC0-301F-11D3-BF4B-00C04F79EFBC}") = "07_ForEachLoop", "07_ForEachLoop\07_ForEachLoop.csproj", "{EFC76597-9E1E-4E6A-B833-ACC860BD64E4}"
EndProject
Project("{FAE04EC0-301F-11D3-BF4B-00C04F79EFBC}") = "08_Methods", "08_Methods\08_Methods.csproj", "{A881E1ED-76DE-4066-B6C8-871C89C89AC4}"
EndProject
Project("{FAE04EC0-301F-11D3-BF4B-00C04F79EFBC}") = "09_DatabaseProject", "09_DatabaseProject\09_DatabaseProject.csproj", "{977595FD-6868-496E-854C-FC58E4D0490F}"
EndProject
Project("{FAE04EC0-301F-11D3-BF4B-00C04F79EFBC}") = "10_DatabaseCrud", "10_DatabaseCrud\10_DatabaseCrud.csproj", "{F194CDEF-DE31-4A2F-9982-89C5C7F83519}"
EndProject
Global
	GlobalSection(SolutionConfigurationPlatforms) = preSolution
		Debug|Any CPU = Debug|Any CPU
		Release|Any CPU = Release|Any CPU
	EndGlobalSection
	GlobalSection(ProjectConfigurationPlatforms) = postSolution
		{40BE3FAC-6CAF-49E6-8642-1F5FB2538142}.Debug|Any CPU.ActiveCfg = Debug|Any CPU
		{40BE3FAC-6CAF-49E6-8642-1F5FB2538142}.Debug|Any CPU.Build.0 = Debug|Any CPU
		{40BE3FAC-6CAF-49E6-8642-1F5FB2538142}.Release|Any CPU.ActiveCfg = Release|Any CPU
		{40BE3FAC-6CAF-49E6-8642-1F5FB2538142}.Release|Any CPU.Build.0 = Release|Any CPU
		{1B2DB9D0-5B86-4650-91AA-94AF4BF1C4AF}.Debug|Any CPU.ActiveCfg = Debug|Any CPU
		{1B2DB9D0-5B86-4650-91AA-94AF4BF1C4AF}.Debug|Any CPU.Build.0 = Debug|Any CPU
		{1B2DB9D0-5B86-4650-91AA-94AF4BF1C4AF}.Release|Any CPU.ActiveCfg = Release|Any CPU
		{1B2DB9D0-5B86-4650-91AA-94AF4BF1C4AF}.Release|Any CPU.Build.0 = Release|Any CPU
		{5716B190-5768-4C56-888E-D5CD289E6CC2}.Debug|Any CPU.ActiveCfg = Debug|Any CPU
		{5716B190-5768-4C56-888E-D5CD289E6CC2}.Debug|Any CPU.Build.0 = Debug|Any CPU
		{5716B190-5768-4C56-888E-D5CD289E6CC2}.Release|Any CPU.ActiveCfg = Release|Any CPU
		{5716B190-5768-4C56-888E-D5CD289E6CC2}.Release|Any CPU.Build.0 = Release|Any CPU
		{660B710C-8B74-46AA-9F81-94D53E9283CA}.Debug|Any CPU.ActiveCfg = Debug|Any CPU
		{660B710C-8B74-46AA-9F81-94D53E9283CA}.Debug|Any CPU.Build.0 = Debug|Any CPU
		{660B710C-8B74-46AA-9F81-94D53E9283CA}.Release|Any CPU.ActiveCfg = Release|Any CPU
		{660B710C-8B74-46AA-9F81-94D53E9283CA}.Release|Any CPU.Build.0 = Release|Any CPU
		{0D7AC472-DC81-4EC8-B858-EE1C404798D2}.Debug|Any CPU.ActiveCfg = Debug|Any CPU
		{0D7AC472-DC81-4EC8-B858-EE1C404798D2}.Debug|Any CPU.Build.0 = Debug|Any CPU
		{0D7AC472-DC81-4EC8-B858-EE1C404798D2}.Release|Any CPU.ActiveCfg = Release|Any CPU
		{0D7AC472-DC81-4EC8-B858-EE1C404798D2}.Release|Any CPU.Build.0 = Release|Any CPU
		{3AE66DFA-0A6D-4DE5-B918-2CAA14A4D7D1}.Debug|Any CPU.ActiveCfg = Debug|Any CPU
		{3AE66DFA-0A6D-4DE5-B918-2CAA14A4D7D1}.Debug|Any CPU.Build.0 = Debug|Any CPU
		{3AE66DFA-0A6D-4DE5-B918-2CAA14A4D7D1}.Release|Any CPU.ActiveCfg = Release|Any CPU
		{3AE66DFA-0A6D-4DE5-B918-2CAA14A4D7D1}.Release|Any CPU.Build.0 = Release|Any CPU
		{EFC76597-9E1E-4E6A-B833-ACC860BD64E4}.Debug|Any CPU.ActiveCfg = Debug|Any CPU
		{EFC76597-9E1E-4E6A-B833-ACC860BD64E4}.Debug|Any CPU.Build.0 = Debug|Any CPU
		{EFC76597-9E1E-4E6A-B833-ACC860BD64E4}.Release|Any CPU.ActiveCfg = Release|Any CPU
		{EFC76597-9E1E-4E6A-B833-ACC860BD64E4}.Release|Any CPU.Build.0 = Release|Any CPU
		{A881E1ED-76DE-4066-B6C8-871C89C89AC4}.Debug|Any CPU.ActiveCfg = Debug|Any CPU
		{A881E1ED-76DE-4066-B6C8-871C89C89AC4}.Debug|Any CPU.Build.0 = Debug|Any CPU
		{A881E1ED-76DE-4066-B6C8-871C89C89AC4}.Release|Any CPU.ActiveCfg = Release|Any CPU
		{A881E1ED-76DE-4066-B6C8-871C89C89AC4}.Release|Any CPU.Build.0 = Release|Any CPU
		{977595FD-6868-496E-854C-FC58E4D0490F}.Debug|Any CPU.ActiveCfg = Debug|Any CPU
		{977595FD-6868-496E-854C-FC58E4D0490F}.Debug|Any CPU.Build.0 = Debug|Any CPU
		{977595FD-6868-496E-854C-FC58E4D0490F}.Release|Any CPU.ActiveCfg = Release|Any CPU
		{977595FD-6868-496E-854C-FC58E4D0490F}.Release|Any CPU.Build.0 = Release|Any CPU
		{F194CDEF-DE31-4A2F-9982-89C5C7F83519}.Debug|Any CPU.ActiveCfg = Debug|Any CPU
		{F194CDEF-DE31-4A2F-9982-89C5C7F83519}.Debug|Any CPU.Build.0 = Debug|Any CPU
		{F194CDEF-DE31-4A2F-9982-89C5C7F83519}.Release|Any CPU.ActiveCfg = Release|Any CPU
		{F194CDEF-DE31-4A2F-9982-89C5C7F83519}.Release|Any CPU.Build.0 = Release|Any CPU
	EndGlobalSection
	GlobalSection(SolutionProperties) = preSolution
		HideSolutionNode = FALSE
	EndGlobalSection
	GlobalSection(ExtensibilityGlobals) = postSolution
		SolutionGuid = {B9A81C6A-FF57-48B7-9DAA-AEBE3348A5B4}
	EndGlobalSection
EndGlobal
